<?xml version="1.0" encoding="utf-8"?>
<Project ToolsVersion="4.0" xmlns="http://schemas.microsoft.com/developer/msbuild/2003">
  <ItemGroup>
    <Filter Include="Source Files">
      <UniqueIdentifier>{4FC737F1-C7A5-4376-A066-2A32D752A2FF}</UniqueIdentifier>
      <Extensions>cpp;c;cc;cxx;c++;cppm;ixx;def;odl;idl;hpj;bat;asm;asmx</Extensions>
    </Filter>
    <Filter Include="Header Files">
      <UniqueIdentifier>{93995380-89BD-4b04-88EB-625FBE52EBFB}</UniqueIdentifier>
      <Extensions>h;hh;hpp;hxx;h++;hm;inl;inc;ipp;xsd</Extensions>
    </Filter>
    <Filter Include="Resource Files">
      <UniqueIdentifier>{67DA6AB6-F800-4c08-8B7A-83BB121AAD01}</UniqueIdentifier>
      <Extensions>rc;ico;cur;bmp;dlg;rc2;rct;bin;rgs;gif;jpg;jpeg;jpe;resx;tiff;tif;png;wav;mfcribbon-ms</Extensions>
    </Filter>
  </ItemGroup>
  <ItemGroup>
    <ClCompile Include="ConfirmOrder.cpp">
      <Filter>Source Files</Filter>
    </ClCompile>
    <ClCompile Include="PaymentHandling.cpp">
      <Filter>Source Files</Filter>
    </ClCompile>
    <ClCompile Include="Cash.cpp">
      <Filter>Source Files</Filter>
    </ClCompile>
    <ClCompile Include="Card.cpp">
      <Filter>Source Files</Filter>
    </ClCompile>
    <ClCompile Include="main.cpp">
      <Filter>Source Files</Filter>
    </ClCompile>
    <ClCompile Include="GoodBye.cpp">
      <Filter>Source Files</Filter>
    </ClCompile>
    <ClCompile Include="Category.cpp">
      <Filter>Source Files</Filter>
    </ClCompile>
    <ClCompile Include="inventoryForm.cpp">
      <Filter>Source Files</Filter>
    </ClCompile>
    <ClCompile Include="WelcomeForm.cpp">
      <Filter>Source Files</Filter>
    </ClCompile>
    <ClCompile Include="Modes.cpp">
      <Filter>Source Files</Filter>
    </ClCompile>
    <ClCompile Include="AdminLogin.cpp">
      <Filter>Source Files</Filter>
    </ClCompile>
    <ClCompile Include="CustomerLogin.cpp">
      <Filter>Source Files</Filter>
    </ClCompile>
    <ClCompile Include="CustomerRegister.cpp">
      <Filter>Source Files</Filter>
    </ClCompile>
    <ClCompile Include="EmployeeLogin.cpp">
      <Filter>Header Files</Filter>
    </ClCompile>
    <ClCompile Include="AdminDashboard.cpp">
      <Filter>Header Files</Filter>
    </ClCompile>
    <ClCompile Include="SalesSummary.cpp">
      <Filter>Source Files</Filter>
    </ClCompile>
    <ClCompile Include="CustomerReviews.cpp">
      <Filter>Source Files</Filter>
    </ClCompile>
    <ClCompile Include="AdminReviews.cpp">
      <Filter>Source Files</Filter>
    </ClCompile>
    <ClCompile Include="AboutUsForm.cpp">
      <Filter>Source Files</Filter>
    </ClCompile>
    <ClCompile Include="Burgers.cpp">
      <Filter>Source Files</Filter>
    </ClCompile>
    <ClCompile Include="Beverages.cpp">
      <Filter>Source Files</Filter>
    </ClCompile>
    <ClCompile Include="Desi.cpp">
      <Filter>Source Files</Filter>
    </ClCompile>
    <ClCompile Include="Desserts.cpp">
      <Filter>Source Files</Filter>
    </ClCompile>
    <ClCompile Include="Offers.cpp">
      <Filter>Source Files</Filter>
    </ClCompile>
    <ClCompile Include="Soups.cpp">
      <Filter>Source Files</Filter>
    </ClCompile>
    <ClCompile Include="Pizzas.cpp">
      <Filter>Source Files</Filter>
    </ClCompile>
    <ClCompile Include="MyForm.cpp">
      <Filter>Source Files</Filter>
    </ClCompile>
    <ClCompile Include="Cart.cpp">
      <Filter>Source Files</Filter>
    </ClCompile>
    <ClCompile Include="CartManager.cpp">
      <Filter>Source Files</Filter>
    </ClCompile>
  </ItemGroup>
  <ItemGroup>
    <ClInclude Include="ConfirmOrder.h">
      <Filter>Header Files</Filter>
    </ClInclude>
    <ClInclude Include="PaymentHandling.h">
      <Filter>Header Files</Filter>
    </ClInclude>
    <ClInclude Include="Cash.h">
      <Filter>Header Files</Filter>
    </ClInclude>
    <ClInclude Include="Card.h">
      <Filter>Header Files</Filter>
    </ClInclude>
    <ClInclude Include="GoodBye.h">
      <Filter>Header Files</Filter>
    </ClInclude>
    <ClInclude Include="Category.h">
      <Filter>Header Files</Filter>
    </ClInclude>
    <ClInclude Include="inventoryForm.h">
      <Filter>Header Files</Filter>
    </ClInclude>
    <ClInclude Include="WelcomeForm.h">
      <Filter>Header Files</Filter>
    </ClInclude>
    <ClInclude Include="Modes.h">
      <Filter>Header Files</Filter>
    </ClInclude>
    <ClInclude Include="AdminLogin.h">
      <Filter>Header Files</Filter>
    </ClInclude>
    <ClInclude Include="CustomerLogin.h">
      <Filter>Header Files</Filter>
    </ClInclude>
    <ClInclude Include="CustomerRegister.h">
      <Filter>Header Files</Filter>
    </ClInclude>
    <ClInclude Include="EmployeeLogin.h">
      <Filter>Header Files</Filter>
    </ClInclude>
    <ClInclude Include="AdminDashboard.h">
      <Filter>Header Files</Filter>
    </ClInclude>
    <ClInclude Include="SalesSummary.h">
      <Filter>Header Files</Filter>
    </ClInclude>
    <ClInclude Include="CustomerReviews.h">
      <Filter>Header Files</Filter>
    </ClInclude>
    <ClInclude Include="AdminReviews.h">
      <Filter>Header Files</Filter>
    </ClInclude>
    <ClInclude Include="AboutUsForm.h">
      <Filter>Header Files</Filter>
    </ClInclude>
    <ClInclude Include="Burgers.h">
      <Filter>Header Files</Filter>
    </ClInclude>
    <ClInclude Include="Beverages.h">
      <Filter>Header Files</Filter>
    </ClInclude>
    <ClInclude Include="Desi.h">
      <Filter>Header Files</Filter>
    </ClInclude>
    <ClInclude Include="Desserts.h">
      <Filter>Header Files</Filter>
    </ClInclude>
    <ClInclude Include="Offers.h">
      <Filter>Header Files</Filter>
    </ClInclude>
    <ClInclude Include="Soups.h">
      <Filter>Header Files</Filter>
    </ClInclude>
    <ClInclude Include="Pizzas.h">
      <Filter>Header Files</Filter>
    </ClInclude>
    <ClInclude Include="MyForm.h">
      <Filter>Header Files</Filter>
    </ClInclude>
    <ClInclude Include="Cart.h">
      <Filter>Header Files</Filter>
    </ClInclude>
    <ClInclude Include="CartManager.h">
      <Filter>Header Files</Filter>
    </ClInclude>
    <ClInclude Include="NavigationHelper.h">
      <Filter>Header Files</Filter>
    </ClInclude>
    <ClInclude Include="LeadtoCategory.h">
      <Filter>Header Files</Filter>
    </ClInclude>
    <ClInclude Include="InventoryManager.h">
      <Filter>Header Files</Filter>
    </ClInclude>
  </ItemGroup>
  <ItemGroup>
    <Text Include="inventory.txt">
      <Filter>Source Files</Filter>
    </Text>
    <Text Include="cartfile.txt" />
    <Text Include="promocodes.txt">
      <Filter>Source Files</Filter>
    </Text>
    <Text Include="admin.txt">
      <Filter>Source Files</Filter>
    </Text>
    <Text Include="employees.txt">
      <Filter>Source Files</Filter>
    </Text>
    <Text Include="orderhistory.txt">
      <Filter>Source Files</Filter>
    </Text>
    <Text Include="cart.txt">
      <Filter>Source Files</Filter>
    </Text>
    <Text Include="customerlogins.txt" />
    <Text Include="grandtotal.txt" />
  </ItemGroup>
</Project>